devDependencies:
  '@types/node': 12.6.2
  typescript: 3.5.3
lockfileVersion: 5.1
packages:
  /@types/node/12.6.2:
    dev: true
    resolution:
      integrity: sha512-gojym4tX0FWeV2gsW4Xmzo5wxGjXGm550oVUII7f7G5o4BV6c7DBdiG1RRQd+y1bvqRyYtPfMK85UM95vsapqQ==
  /typescript/3.5.3:
    dev: true
    engines:
      node: '>=4.2.0'
    hasBin: true
    resolution:
      integrity: sha512-ACzBtm/PhXBDId6a6sDJfroT2pOWt/oOnk4/dElG5G33ZL776N3Y6/6bKZJBFpd+b05F3Ct9qDjMeJmRWtE2/g==
specifiers:
  '@types/node': ^12.0.12
  typescript: ^3.5.3
